
Microsoft Visual Studio Solution File, Format Version 12.00
# Visual Studio 15
VisualStudioVersion = 15.0.26730.15
MinimumVisualStudioVersion = 10.0.40219.1
Project("{8BC9CEB8-8B4A-11D0-8D11-00A0C91BC942}") = "2.31", "2.31\2.31.vcxproj", "{90550D7D-9099-4210-971F-27463EDA819D}"
EndProject
Global
	GlobalSection(SolutionConfigurationPlatforms) = preSolution
		Debug|x64 = Debug|x64
		Debug|x86 = Debug|x86
		Release|x64 = Release|x64
		Release|x86 = Release|x86
	EndGlobalSection
	GlobalSection(ProjectConfigurationPlatforms) = postSolution
		{90550D7D-9099-4210-971F-27463EDA819D}.Debug|x64.ActiveCfg = Debug|x64
		{90550D7D-9099-4210-971F-27463EDA819D}.Debug|x64.Build.0 = Debug|x64
		{90550D7D-9099-4210-971F-27463EDA819D}.Debug|x86.ActiveCfg = Debug|Win32
		{90550D7D-9099-4210-971F-27463EDA819D}.Debug|x86.Build.0 = Debug|Win32
		{90550D7D-9099-4210-971F-27463EDA819D}.Release|x64.ActiveCfg = Release|x64
		{90550D7D-9099-4210-971F-27463EDA819D}.Release|x64.Build.0 = Release|x64
		{90550D7D-9099-4210-971F-27463EDA819D}.Release|x86.ActiveCfg = Release|Win32
		{90550D7D-9099-4210-971F-27463EDA819D}.Release|x86.Build.0 = Release|Win32
	EndGlobalSection
	GlobalSection(SolutionProperties) = preSolution
		HideSolutionNode = FALSE
	EndGlobalSection
	GlobalSection(ExtensibilityGlobals) = postSolution
		SolutionGuid = {A10DE0F8-9D23-4B2B-B83C-F8DDC8D37DF7}
	EndGlobalSection
EndGlobal
