
Microsoft Visual Studio Solution File, Format Version 12.00
# Visual Studio 15
VisualStudioVersion = 15.0.26730.15
MinimumVisualStudioVersion = 10.0.40219.1
Project("{8BC9CEB8-8B4A-11D0-8D11-00A0C91BC942}") = "2.23", "2.23\2.23.vcxproj", "{BD89D23F-3D1D-4117-A32D-F3B9CD4AB11F}"
EndProject
Global
	GlobalSection(SolutionConfigurationPlatforms) = preSolution
		Debug|x64 = Debug|x64
		Debug|x86 = Debug|x86
		Release|x64 = Release|x64
		Release|x86 = Release|x86
	EndGlobalSection
	GlobalSection(ProjectConfigurationPlatforms) = postSolution
		{BD89D23F-3D1D-4117-A32D-F3B9CD4AB11F}.Debug|x64.ActiveCfg = Debug|x64
		{BD89D23F-3D1D-4117-A32D-F3B9CD4AB11F}.Debug|x64.Build.0 = Debug|x64
		{BD89D23F-3D1D-4117-A32D-F3B9CD4AB11F}.Debug|x86.ActiveCfg = Debug|Win32
		{BD89D23F-3D1D-4117-A32D-F3B9CD4AB11F}.Debug|x86.Build.0 = Debug|Win32
		{BD89D23F-3D1D-4117-A32D-F3B9CD4AB11F}.Release|x64.ActiveCfg = Release|x64
		{BD89D23F-3D1D-4117-A32D-F3B9CD4AB11F}.Release|x64.Build.0 = Release|x64
		{BD89D23F-3D1D-4117-A32D-F3B9CD4AB11F}.Release|x86.ActiveCfg = Release|Win32
		{BD89D23F-3D1D-4117-A32D-F3B9CD4AB11F}.Release|x86.Build.0 = Release|Win32
	EndGlobalSection
	GlobalSection(SolutionProperties) = preSolution
		HideSolutionNode = FALSE
	EndGlobalSection
	GlobalSection(ExtensibilityGlobals) = postSolution
		SolutionGuid = {B986407D-952C-48E4-8C5B-20554696A5CC}
	EndGlobalSection
EndGlobal
